hash: 7d792ff49040a26b2a932bca2eb8d8ec0a04b5c9d70a509167ccfc6b42f90d04
updated: 2017-07-15T19:46:55.198831033+01:00
imports:
- name: github.com/ghodss/yaml
  version: 04f313413ffd65ce25f2541bfd2b2ceec5c0908c
- name: github.com/gogo/protobuf
  version: 100ba4e885062801d56799d78530b73b178a78f3
  subpackages:
  - proto
- name: github.com/gosuri/uitable
  version: 36ee7e946282a3fb1cfecd476ddc9b35d8847e42
- name: github.com/jawher/mow.cli
  version: d3ffbc2f98b83e09dc8efd55ecec75eb5fd656ec
- name: github.com/mesos/mesos-go
  version: 48215ce5c2f41b490b55bd5f7864443fa03582b4
  repo: https://github.com/vektorlab/mesos-go.git
  vcs: git
  subpackages:
  - agent
  - agent/calls
  - backoff
  - encoding
  - extras/scheduler/controller
  - httpcli
  - httpcli/httpsched
  - httpcli/operator
  - master
  - master/calls
  - scheduler
  - scheduler/calls
  - scheduler/events
- name: github.com/satori/go.uuid
  version: 879c5887cd475cd7864858769793b2ceb0d44feb
- name: github.com/vektorlab/toplib
  version: 093db92eb6b8d64150adff8d7be63dc5a4dbb33b
- name: go.uber.org/zap
  version: 9cabc84638b70e564c3dab2766efcb1ded2aac9f
  subpackages:
  - zapcore
testImports:
- name: github.com/stretchr/testify
  version: ""
  subpackages:
  - assert
